
Microsoft Visual Studio Solution File, Format Version 12.00
# Visual Studio 14
VisualStudioVersion = 14.0.25420.1
MinimumVisualStudioVersion = 10.0.40219.1
Project("{FAE04EC0-301F-11D3-BF4B-00C04F79EFBC}") = "enVisioner", "lvleditor\enVisioner.csproj", "{188331CC-2CFC-4336-94F4-D6770E306421}"
EndProject
Project("{FAE04EC0-301F-11D3-BF4B-00C04F79EFBC}") = "KLOAPI", "KLOAPI\KLOAPI.csproj", "{D6355D01-D152-4433-82FE-8824C40F41D2}"
EndProject
Project("{2150E333-8FDC-42A3-9474-1A3956D46DE8}") = "library", "library", "{FD325FFC-CD33-46EE-9EE1-9A51B1B1E06B}"
	ProjectSection(SolutionItems) = preProject
		library\klo.h = library\klo.h
		library\wesley.h = library\wesley.h
	EndProjectSection
EndProject
Project("{8BC9CEB8-8B4A-11D0-8D11-00A0C91BC942}") = "analyzer++", "analyzer++\analyzer.vcxproj", "{DCECA5E9-6A48-4329-A3C3-4EF4F64F4278}"
EndProject
Project("{FAE04EC0-301F-11D3-BF4B-00C04F79EFBC}") = "langswap", "langswap\langswap.csproj", "{D32D73DB-9DD6-4533-961B-807AFFF12C16}"
EndProject
Project("{2150E333-8FDC-42A3-9474-1A3956D46DE8}") = "documentation", "documentation", "{C7DB3303-50F1-44CC-92DA-53B8D3B971D2}"
EndProject
Project("{2150E333-8FDC-42A3-9474-1A3956D46DE8}") = "pages", "pages", "{9B9BB369-6E96-4868-AA39-B556E9B8956E}"
	ProjectSection(SolutionItems) = preProject
		..\..\doc\c.html = ..\..\doc\c.html
		..\..\doc\d.html = ..\..\doc\d.html
		..\..\doc\i.html = ..\..\doc\i.html
		..\..\doc\t.html = ..\..\doc\t.html
		..\..\doc\v.html = ..\..\doc\v.html
	EndProjectSection
EndProject
Project("{2150E333-8FDC-42A3-9474-1A3956D46DE8}") = "help", "help", "{59747CF0-533C-4643-BDC6-54CDED003429}"
	ProjectSection(SolutionItems) = preProject
		..\..\doc\idx.hhk = ..\..\doc\idx.hhk
		..\..\doc\kdd.hhp = ..\..\doc\kdd.hhp
		..\..\doc\toc.hhc = ..\..\doc\toc.hhc
	EndProjectSection
EndProject
Project("{2150E333-8FDC-42A3-9474-1A3956D46DE8}") = "j", "j", "{0E6F152C-A441-4288-9068-D350726AA225}"
EndProject
Project("{2150E333-8FDC-42A3-9474-1A3956D46DE8}") = "help", "help", "{059BB3FE-4837-4F90-9D95-2BF9E105A964}"
	ProjectSection(SolutionItems) = preProject
		..\..\doc\j\idx.hhk = ..\..\doc\j\idx.hhk
		..\..\doc\j\kdd.hhp = ..\..\doc\j\kdd.hhp
		..\..\doc\j\toc.hhc = ..\..\doc\j\toc.hhc
	EndProjectSection
EndProject
Project("{2150E333-8FDC-42A3-9474-1A3956D46DE8}") = "pages", "pages", "{D61B551B-B79B-4EEA-A0F2-48BD5053631C}"
	ProjectSection(SolutionItems) = preProject
		..\..\doc\j\c.html = ..\..\doc\j\c.html
		..\..\doc\j\d.html = ..\..\doc\j\d.html
		..\..\doc\j\i.html = ..\..\doc\j\i.html
		..\..\doc\j\t.html = ..\..\doc\j\t.html
		..\..\doc\j\v.html = ..\..\doc\j\v.html
	EndProjectSection
EndProject
Project("{2150E333-8FDC-42A3-9474-1A3956D46DE8}") = "installer", "installer", "{E73303FB-53E8-4C42-93DA-87CFA873A14D}"
	ProjectSection(SolutionItems) = preProject
		installer\Cloneoa.ifp = installer\Cloneoa.ifp
		installer\Japanese.ifl = installer\Japanese.ifl
		installer\package.ico = installer\package.ico
		installer\prepare.bat = installer\prepare.bat
		installer\versioninfo_vsediting.rc = installer\versioninfo_vsediting.rc
		installer\wizard_side.bmp = installer\wizard_side.bmp
	EndProjectSection
EndProject
Project("{8BC9CEB8-8B4A-11D0-8D11-00A0C91BC942}") = "rpc-host", "rpc-host\rpc-host.vcxproj", "{4BD253BE-596F-4FA0-B6C1-064D064C0A86}"
EndProject
Project("{FAE04EC0-301F-11D3-BF4B-00C04F79EFBC}") = "VUEx", "installer\extractor\VUEx.csproj", "{EF421584-5015-49A9-97AA-16D77838CA82}"
EndProject
Global
	GlobalSection(SolutionConfigurationPlatforms) = preSolution
		Debug|Any CPU = Debug|Any CPU
		Debug|x64 = Debug|x64
		Debug|x86 = Debug|x86
		Release|Any CPU = Release|Any CPU
		Release|x64 = Release|x64
		Release|x86 = Release|x86
	EndGlobalSection
	GlobalSection(ProjectConfigurationPlatforms) = postSolution
		{188331CC-2CFC-4336-94F4-D6770E306421}.Debug|Any CPU.ActiveCfg = Debug|Any CPU
		{188331CC-2CFC-4336-94F4-D6770E306421}.Debug|Any CPU.Build.0 = Debug|Any CPU
		{188331CC-2CFC-4336-94F4-D6770E306421}.Debug|x64.ActiveCfg = Debug|Any CPU
		{188331CC-2CFC-4336-94F4-D6770E306421}.Debug|x64.Build.0 = Debug|Any CPU
		{188331CC-2CFC-4336-94F4-D6770E306421}.Debug|x86.ActiveCfg = Debug|Any CPU
		{188331CC-2CFC-4336-94F4-D6770E306421}.Debug|x86.Build.0 = Debug|Any CPU
		{188331CC-2CFC-4336-94F4-D6770E306421}.Release|Any CPU.ActiveCfg = Release|Any CPU
		{188331CC-2CFC-4336-94F4-D6770E306421}.Release|Any CPU.Build.0 = Release|Any CPU
		{188331CC-2CFC-4336-94F4-D6770E306421}.Release|x64.ActiveCfg = Release|Any CPU
		{188331CC-2CFC-4336-94F4-D6770E306421}.Release|x64.Build.0 = Release|Any CPU
		{188331CC-2CFC-4336-94F4-D6770E306421}.Release|x86.ActiveCfg = Release|Any CPU
		{188331CC-2CFC-4336-94F4-D6770E306421}.Release|x86.Build.0 = Release|Any CPU
		{D6355D01-D152-4433-82FE-8824C40F41D2}.Debug|Any CPU.ActiveCfg = Debug|Any CPU
		{D6355D01-D152-4433-82FE-8824C40F41D2}.Debug|Any CPU.Build.0 = Debug|Any CPU
		{D6355D01-D152-4433-82FE-8824C40F41D2}.Debug|x64.ActiveCfg = Debug|Any CPU
		{D6355D01-D152-4433-82FE-8824C40F41D2}.Debug|x64.Build.0 = Debug|Any CPU
		{D6355D01-D152-4433-82FE-8824C40F41D2}.Debug|x86.ActiveCfg = Debug|Any CPU
		{D6355D01-D152-4433-82FE-8824C40F41D2}.Debug|x86.Build.0 = Debug|Any CPU
		{D6355D01-D152-4433-82FE-8824C40F41D2}.Release|Any CPU.ActiveCfg = Release|Any CPU
		{D6355D01-D152-4433-82FE-8824C40F41D2}.Release|Any CPU.Build.0 = Release|Any CPU
		{D6355D01-D152-4433-82FE-8824C40F41D2}.Release|x64.ActiveCfg = Release|Any CPU
		{D6355D01-D152-4433-82FE-8824C40F41D2}.Release|x64.Build.0 = Release|Any CPU
		{D6355D01-D152-4433-82FE-8824C40F41D2}.Release|x86.ActiveCfg = Release|Any CPU
		{D6355D01-D152-4433-82FE-8824C40F41D2}.Release|x86.Build.0 = Release|Any CPU
		{DCECA5E9-6A48-4329-A3C3-4EF4F64F4278}.Debug|Any CPU.ActiveCfg = Debug|Win32
		{DCECA5E9-6A48-4329-A3C3-4EF4F64F4278}.Debug|x64.ActiveCfg = Debug|x64
		{DCECA5E9-6A48-4329-A3C3-4EF4F64F4278}.Debug|x64.Build.0 = Debug|x64
		{DCECA5E9-6A48-4329-A3C3-4EF4F64F4278}.Debug|x86.ActiveCfg = Debug|Win32
		{DCECA5E9-6A48-4329-A3C3-4EF4F64F4278}.Debug|x86.Build.0 = Debug|Win32
		{DCECA5E9-6A48-4329-A3C3-4EF4F64F4278}.Release|Any CPU.ActiveCfg = Release|Win32
		{DCECA5E9-6A48-4329-A3C3-4EF4F64F4278}.Release|Any CPU.Build.0 = Release|Win32
		{DCECA5E9-6A48-4329-A3C3-4EF4F64F4278}.Release|x64.ActiveCfg = Release|x64
		{DCECA5E9-6A48-4329-A3C3-4EF4F64F4278}.Release|x64.Build.0 = Release|x64
		{DCECA5E9-6A48-4329-A3C3-4EF4F64F4278}.Release|x86.ActiveCfg = Release|Win32
		{DCECA5E9-6A48-4329-A3C3-4EF4F64F4278}.Release|x86.Build.0 = Release|Win32
		{D32D73DB-9DD6-4533-961B-807AFFF12C16}.Debug|Any CPU.ActiveCfg = Debug|Any CPU
		{D32D73DB-9DD6-4533-961B-807AFFF12C16}.Debug|Any CPU.Build.0 = Debug|Any CPU
		{D32D73DB-9DD6-4533-961B-807AFFF12C16}.Debug|x64.ActiveCfg = Debug|Any CPU
		{D32D73DB-9DD6-4533-961B-807AFFF12C16}.Debug|x64.Build.0 = Debug|Any CPU
		{D32D73DB-9DD6-4533-961B-807AFFF12C16}.Debug|x86.ActiveCfg = Debug|Any CPU
		{D32D73DB-9DD6-4533-961B-807AFFF12C16}.Debug|x86.Build.0 = Debug|Any CPU
		{D32D73DB-9DD6-4533-961B-807AFFF12C16}.Release|Any CPU.ActiveCfg = Release|Any CPU
		{D32D73DB-9DD6-4533-961B-807AFFF12C16}.Release|Any CPU.Build.0 = Release|Any CPU
		{D32D73DB-9DD6-4533-961B-807AFFF12C16}.Release|x64.ActiveCfg = Release|Any CPU
		{D32D73DB-9DD6-4533-961B-807AFFF12C16}.Release|x64.Build.0 = Release|Any CPU
		{D32D73DB-9DD6-4533-961B-807AFFF12C16}.Release|x86.ActiveCfg = Release|Any CPU
		{D32D73DB-9DD6-4533-961B-807AFFF12C16}.Release|x86.Build.0 = Release|Any CPU
		{4BD253BE-596F-4FA0-B6C1-064D064C0A86}.Debug|Any CPU.ActiveCfg = Debug|Win32
		{4BD253BE-596F-4FA0-B6C1-064D064C0A86}.Debug|x64.ActiveCfg = Debug|x64
		{4BD253BE-596F-4FA0-B6C1-064D064C0A86}.Debug|x64.Build.0 = Debug|x64
		{4BD253BE-596F-4FA0-B6C1-064D064C0A86}.Debug|x86.ActiveCfg = Debug|Win32
		{4BD253BE-596F-4FA0-B6C1-064D064C0A86}.Debug|x86.Build.0 = Debug|Win32
		{4BD253BE-596F-4FA0-B6C1-064D064C0A86}.Release|Any CPU.ActiveCfg = Release|Win32
		{4BD253BE-596F-4FA0-B6C1-064D064C0A86}.Release|x64.ActiveCfg = Release|x64
		{4BD253BE-596F-4FA0-B6C1-064D064C0A86}.Release|x64.Build.0 = Release|x64
		{4BD253BE-596F-4FA0-B6C1-064D064C0A86}.Release|x86.ActiveCfg = Release|Win32
		{4BD253BE-596F-4FA0-B6C1-064D064C0A86}.Release|x86.Build.0 = Release|Win32
		{EF421584-5015-49A9-97AA-16D77838CA82}.Debug|Any CPU.ActiveCfg = Debug|Any CPU
		{EF421584-5015-49A9-97AA-16D77838CA82}.Debug|Any CPU.Build.0 = Debug|Any CPU
		{EF421584-5015-49A9-97AA-16D77838CA82}.Debug|x64.ActiveCfg = Debug|Any CPU
		{EF421584-5015-49A9-97AA-16D77838CA82}.Debug|x64.Build.0 = Debug|Any CPU
		{EF421584-5015-49A9-97AA-16D77838CA82}.Debug|x86.ActiveCfg = Debug|Any CPU
		{EF421584-5015-49A9-97AA-16D77838CA82}.Debug|x86.Build.0 = Debug|Any CPU
		{EF421584-5015-49A9-97AA-16D77838CA82}.Release|Any CPU.ActiveCfg = Release|Any CPU
		{EF421584-5015-49A9-97AA-16D77838CA82}.Release|Any CPU.Build.0 = Release|Any CPU
		{EF421584-5015-49A9-97AA-16D77838CA82}.Release|x64.ActiveCfg = Release|Any CPU
		{EF421584-5015-49A9-97AA-16D77838CA82}.Release|x64.Build.0 = Release|Any CPU
		{EF421584-5015-49A9-97AA-16D77838CA82}.Release|x86.ActiveCfg = Release|Any CPU
		{EF421584-5015-49A9-97AA-16D77838CA82}.Release|x86.Build.0 = Release|Any CPU
	EndGlobalSection
	GlobalSection(SolutionProperties) = preSolution
		HideSolutionNode = FALSE
	EndGlobalSection
	GlobalSection(NestedProjects) = preSolution
		{9B9BB369-6E96-4868-AA39-B556E9B8956E} = {C7DB3303-50F1-44CC-92DA-53B8D3B971D2}
		{59747CF0-533C-4643-BDC6-54CDED003429} = {C7DB3303-50F1-44CC-92DA-53B8D3B971D2}
		{0E6F152C-A441-4288-9068-D350726AA225} = {C7DB3303-50F1-44CC-92DA-53B8D3B971D2}
		{059BB3FE-4837-4F90-9D95-2BF9E105A964} = {0E6F152C-A441-4288-9068-D350726AA225}
		{D61B551B-B79B-4EEA-A0F2-48BD5053631C} = {0E6F152C-A441-4288-9068-D350726AA225}
	EndGlobalSection
	GlobalSection(ExtensibilityGlobals) = postSolution
		SolutionGuid = {67D976C2-34AE-4EDA-B2AD-836889FD9105}
	EndGlobalSection
EndGlobal
